// !$*UTF8*$!
{
	archiveVersion = 1;
	classes = {
	};
	objectVersion = 56;
	objects = {

/* Begin PBXBuildFile section */
		0F811DE4290F60CF0077E133 /* ShellChatListViewController.swift in Sources */ = {isa = PBXBuildFile; fileRef = 0F811DDF290F60CF0077E133 /* ShellChatListViewController.swift */; };
		0F811DE5290F60CF0077E133 /* ShellChatListTableViewCell.xib in Resources */ = {isa = PBXBuildFile; fileRef = 0F811DE1290F60CF0077E133 /* ShellChatListTableViewCell.xib */; };
		0F811DE6290F60CF0077E133 /* ShellChatListTableViewCell.swift in Sources */ = {isa = PBXBuildFile; fileRef = 0F811DE2290F60CF0077E133 /* ShellChatListTableViewCell.swift */; };
		0F811DE7290F60CF0077E133 /* UIView+Ext.swift in Sources */ = {isa = PBXBuildFile; fileRef = 0F811DE3290F60CF0077E133 /* UIView+Ext.swift */; };
		0F811DEC290F60E00077E133 /* BaseViewController.swift in Sources */ = {isa = PBXBuildFile; fileRef = 0F811DE9290F60DF0077E133 /* BaseViewController.swift */; };
		0F811DED290F60E00077E133 /* BaseViewController+Extensions.swift in Sources */ = {isa = PBXBuildFile; fileRef = 0F811DEA290F60DF0077E133 /* BaseViewController+Extensions.swift */; };
		0F811DEE290F60E00077E133 /* BaseNavigationController.swift in Sources */ = {isa = PBXBuildFile; fileRef = 0F811DEB290F60DF0077E133 /* BaseNavigationController.swift */; };
		0F811DF1290F660B0077E133 /* RxFlow+Extensions.swift in Sources */ = {isa = PBXBuildFile; fileRef = 0F811DF0290F660B0077E133 /* RxFlow+Extensions.swift */; };
		0F811DF3290F93FE0077E133 /* MakeUpSearchView.swift in Sources */ = {isa = PBXBuildFile; fileRef = 0F811DF2290F93FE0077E133 /* MakeUpSearchView.swift */; };
		0F811DF5290F99320077E133 /* MakeUpListViewController.swift in Sources */ = {isa = PBXBuildFile; fileRef = 0F811DF4290F99320077E133 /* MakeUpListViewController.swift */; };
		0F811DF7290F993D0077E133 /* MakeUpListViewModel.swift in Sources */ = {isa = PBXBuildFile; fileRef = 0F811DF6290F993D0077E133 /* MakeUpListViewModel.swift */; };
		0F811DF9290F9A350077E133 /* JXSegmentedView+Rx.swift in Sources */ = {isa = PBXBuildFile; fileRef = 0F811DF8290F9A350077E133 /* JXSegmentedView+Rx.swift */; };
		0F811DFB290F9EEB0077E133 /* MakeUpListCell.swift in Sources */ = {isa = PBXBuildFile; fileRef = 0F811DFA290F9EEB0077E133 /* MakeUpListCell.swift */; };
		0F811DFD290F9F150077E133 /* MakeUpListCell.xib in Resources */ = {isa = PBXBuildFile; fileRef = 0F811DFC290F9F150077E133 /* MakeUpListCell.xib */; };
		0FE31DE1290A28970071F030 /* AppDelegate.swift in Sources */ = {isa = PBXBuildFile; fileRef = 0FE31DE0290A28970071F030 /* AppDelegate.swift */; };
		0FE31DEA290A28990071F030 /* Assets.xcassets in Resources */ = {isa = PBXBuildFile; fileRef = 0FE31DE9290A28990071F030 /* Assets.xcassets */; };
		0FE31DED290A28990071F030 /* LaunchScreen.storyboard in Resources */ = {isa = PBXBuildFile; fileRef = 0FE31DEB290A28990071F030 /* LaunchScreen.storyboard */; };
		0FE31DF5290A56010071F030 /* ViewControllers.swift in Sources */ = {isa = PBXBuildFile; fileRef = 0FE31DF4290A56010071F030 /* ViewControllers.swift */; };
		0FE31DF9290A56380071F030 /* ViewControllersViewModel.swift in Sources */ = {isa = PBXBuildFile; fileRef = 0FE31DF8290A56380071F030 /* ViewControllersViewModel.swift */; };
		0FE31DFC290A57690071F030 /* ViewControllersCell.swift in Sources */ = {isa = PBXBuildFile; fileRef = 0FE31DFB290A57690071F030 /* ViewControllersCell.swift */; };
		0FE31E02290A6DAF0071F030 /* AppService.swift in Sources */ = {isa = PBXBuildFile; fileRef = 0FE31E01290A6DAF0071F030 /* AppService.swift */; };
		0FE31E04290A775B0071F030 /* AppFlow.swift in Sources */ = {isa = PBXBuildFile; fileRef = 0FE31E03290A775B0071F030 /* AppFlow.swift */; };
		0FE31E06290A77630071F030 /* AppStep.swift in Sources */ = {isa = PBXBuildFile; fileRef = 0FE31E05290A77630071F030 /* AppStep.swift */; };
		0FE31E0A290A91F70071F030 /* MakeUpViewController.swift in Sources */ = {isa = PBXBuildFile; fileRef = 0FE31E09290A91F70071F030 /* MakeUpViewController.swift */; };
		0FE31E0D290A92070071F030 /* MakeUpViewModel.swift in Sources */ = {isa = PBXBuildFile; fileRef = 0FE31E0C290A92070071F030 /* MakeUpViewModel.swift */; };
		5A1714CC290E36D3000DAFAE /* GXWaterfallViewLayout.swift in Sources */ = {isa = PBXBuildFile; fileRef = 5A1714CB290E36D3000DAFAE /* GXWaterfallViewLayout.swift */; };
		5A1714D3290E3E4F000DAFAE /* ShellProfileMakeCollectionViewCell.swift in Sources */ = {isa = PBXBuildFile; fileRef = 5A1714D1290E3E4F000DAFAE /* ShellProfileMakeCollectionViewCell.swift */; };
		5A1714D4290E3E4F000DAFAE /* ShellProfileMakeCollectionViewCell.xib in Resources */ = {isa = PBXBuildFile; fileRef = 5A1714D2290E3E4F000DAFAE /* ShellProfileMakeCollectionViewCell.xib */; };
		5A1714D6290E40AC000DAFAE /* ShellProfileMakeView.swift in Sources */ = {isa = PBXBuildFile; fileRef = 5A1714D5290E40AC000DAFAE /* ShellProfileMakeView.swift */; };
		5A42C40C290D29D300C48997 /* ShellMyProfileViewController.swift in Sources */ = {isa = PBXBuildFile; fileRef = 5A42C40A290D29D300C48997 /* ShellMyProfileViewController.swift */; };
		5A42C410290D29F700C48997 /* ShellMyProfileHeader.swift in Sources */ = {isa = PBXBuildFile; fileRef = 5A42C40F290D29F700C48997 /* ShellMyProfileHeader.swift */; };
		5A42C412290D29FE00C48997 /* ShellMyProfileHeader.xib in Resources */ = {isa = PBXBuildFile; fileRef = 5A42C411290D29FE00C48997 /* ShellMyProfileHeader.xib */; };
		5A42C414290D331700C48997 /* ShellMyProfileView.swift in Sources */ = {isa = PBXBuildFile; fileRef = 5A42C413290D331700C48997 /* ShellMyProfileView.swift */; };
		5A42C419290D7FFE00C48997 /* ShellProfileCommentTableViewCell.swift in Sources */ = {isa = PBXBuildFile; fileRef = 5A42C417290D7FFE00C48997 /* ShellProfileCommentTableViewCell.swift */; };
		5A42C41A290D7FFE00C48997 /* ShellProfileCommentTableViewCell.xib in Resources */ = {isa = PBXBuildFile; fileRef = 5A42C418290D7FFE00C48997 /* ShellProfileCommentTableViewCell.xib */; };
		968569952F0D449D0892833F /* Pods_ZZYTest.framework in Frameworks */ = {isa = PBXBuildFile; fileRef = D806E5D737EB422F6CD30EB3 /* Pods_ZZYTest.framework */; };
/* End PBXBuildFile section */

/* Begin PBXFileReference section */
		0F811DDF290F60CF0077E133 /* ShellChatListViewController.swift */ = {isa = PBXFileReference; fileEncoding = 4; lastKnownFileType = sourcecode.swift; path = ShellChatListViewController.swift; sourceTree = "<group>"; };
		0F811DE1290F60CF0077E133 /* ShellChatListTableViewCell.xib */ = {isa = PBXFileReference; fileEncoding = 4; lastKnownFileType = file.xib; path = ShellChatListTableViewCell.xib; sourceTree = "<group>"; };
		0F811DE2290F60CF0077E133 /* ShellChatListTableViewCell.swift */ = {isa = PBXFileReference; fileEncoding = 4; lastKnownFileType = sourcecode.swift; path = ShellChatListTableViewCell.swift; sourceTree = "<group>"; };
		0F811DE3290F60CF0077E133 /* UIView+Ext.swift */ = {isa = PBXFileReference; fileEncoding = 4; lastKnownFileType = sourcecode.swift; path = "UIView+Ext.swift"; sourceTree = "<group>"; };
		0F811DE9290F60DF0077E133 /* BaseViewController.swift */ = {isa = PBXFileReference; fileEncoding = 4; lastKnownFileType = sourcecode.swift; path = BaseViewController.swift; sourceTree = "<group>"; };
		0F811DEA290F60DF0077E133 /* BaseViewController+Extensions.swift */ = {isa = PBXFileReference; fileEncoding = 4; lastKnownFileType = sourcecode.swift; path = "BaseViewController+Extensions.swift"; sourceTree = "<group>"; };
		0F811DEB290F60DF0077E133 /* BaseNavigationController.swift */ = {isa = PBXFileReference; fileEncoding = 4; lastKnownFileType = sourcecode.swift; path = BaseNavigationController.swift; sourceTree = "<group>"; };
		0F811DF0290F660B0077E133 /* RxFlow+Extensions.swift */ = {isa = PBXFileReference; fileEncoding = 4; lastKnownFileType = sourcecode.swift; path = "RxFlow+Extensions.swift"; sourceTree = "<group>"; };
		0F811DF2290F93FE0077E133 /* MakeUpSearchView.swift */ = {isa = PBXFileReference; lastKnownFileType = sourcecode.swift; path = MakeUpSearchView.swift; sourceTree = "<group>"; };
		0F811DF4290F99320077E133 /* MakeUpListViewController.swift */ = {isa = PBXFileReference; lastKnownFileType = sourcecode.swift; path = MakeUpListViewController.swift; sourceTree = "<group>"; };
		0F811DF6290F993D0077E133 /* MakeUpListViewModel.swift */ = {isa = PBXFileReference; lastKnownFileType = sourcecode.swift; path = MakeUpListViewModel.swift; sourceTree = "<group>"; };
		0F811DF8290F9A350077E133 /* JXSegmentedView+Rx.swift */ = {isa = PBXFileReference; fileEncoding = 4; lastKnownFileType = sourcecode.swift; path = "JXSegmentedView+Rx.swift"; sourceTree = "<group>"; };
		0F811DFA290F9EEB0077E133 /* MakeUpListCell.swift */ = {isa = PBXFileReference; lastKnownFileType = sourcecode.swift; path = MakeUpListCell.swift; sourceTree = "<group>"; };
		0F811DFC290F9F150077E133 /* MakeUpListCell.xib */ = {isa = PBXFileReference; lastKnownFileType = file.xib; path = MakeUpListCell.xib; sourceTree = "<group>"; };
		0FE31DDD290A28970071F030 /* ZZYTest.app */ = {isa = PBXFileReference; explicitFileType = wrapper.application; includeInIndex = 0; path = ZZYTest.app; sourceTree = BUILT_PRODUCTS_DIR; };
		0FE31DE0290A28970071F030 /* AppDelegate.swift */ = {isa = PBXFileReference; lastKnownFileType = sourcecode.swift; path = AppDelegate.swift; sourceTree = "<group>"; };
		0FE31DE9290A28990071F030 /* Assets.xcassets */ = {isa = PBXFileReference; lastKnownFileType = folder.assetcatalog; path = Assets.xcassets; sourceTree = "<group>"; };
		0FE31DEC290A28990071F030 /* Base */ = {isa = PBXFileReference; lastKnownFileType = file.storyboard; name = Base; path = Base.lproj/LaunchScreen.storyboard; sourceTree = "<group>"; };
		0FE31DEE290A28990071F030 /* Info.plist */ = {isa = PBXFileReference; lastKnownFileType = text.plist.xml; path = Info.plist; sourceTree = "<group>"; };
		0FE31DF4290A56010071F030 /* ViewControllers.swift */ = {isa = PBXFileReference; lastKnownFileType = sourcecode.swift; path = ViewControllers.swift; sourceTree = "<group>"; };
		0FE31DF8290A56380071F030 /* ViewControllersViewModel.swift */ = {isa = PBXFileReference; lastKnownFileType = sourcecode.swift; path = ViewControllersViewModel.swift; sourceTree = "<group>"; };
		0FE31DFB290A57690071F030 /* ViewControllersCell.swift */ = {isa = PBXFileReference; lastKnownFileType = sourcecode.swift; path = ViewControllersCell.swift; sourceTree = "<group>"; };
		0FE31E01290A6DAF0071F030 /* AppService.swift */ = {isa = PBXFileReference; lastKnownFileType = sourcecode.swift; path = AppService.swift; sourceTree = "<group>"; };
		0FE31E03290A775B0071F030 /* AppFlow.swift */ = {isa = PBXFileReference; lastKnownFileType = sourcecode.swift; path = AppFlow.swift; sourceTree = "<group>"; };
		0FE31E05290A77630071F030 /* AppStep.swift */ = {isa = PBXFileReference; lastKnownFileType = sourcecode.swift; path = AppStep.swift; sourceTree = "<group>"; };
		0FE31E09290A91F70071F030 /* MakeUpViewController.swift */ = {isa = PBXFileReference; lastKnownFileType = sourcecode.swift; path = MakeUpViewController.swift; sourceTree = "<group>"; };
		0FE31E0C290A92070071F030 /* MakeUpViewModel.swift */ = {isa = PBXFileReference; lastKnownFileType = sourcecode.swift; path = MakeUpViewModel.swift; sourceTree = "<group>"; };
		51D6F05D124FF912DD6337ED /* Pods-ZZYTest.debug.xcconfig */ = {isa = PBXFileReference; includeInIndex = 1; lastKnownFileType = text.xcconfig; name = "Pods-ZZYTest.debug.xcconfig"; path = "Target Support Files/Pods-ZZYTest/Pods-ZZYTest.debug.xcconfig"; sourceTree = "<group>"; };
		5A1714CB290E36D3000DAFAE /* GXWaterfallViewLayout.swift */ = {isa = PBXFileReference; fileEncoding = 4; lastKnownFileType = sourcecode.swift; path = GXWaterfallViewLayout.swift; sourceTree = "<group>"; };
		5A1714D1290E3E4F000DAFAE /* ShellProfileMakeCollectionViewCell.swift */ = {isa = PBXFileReference; lastKnownFileType = sourcecode.swift; path = ShellProfileMakeCollectionViewCell.swift; sourceTree = "<group>"; };
		5A1714D2290E3E4F000DAFAE /* ShellProfileMakeCollectionViewCell.xib */ = {isa = PBXFileReference; lastKnownFileType = file.xib; path = ShellProfileMakeCollectionViewCell.xib; sourceTree = "<group>"; };
		5A1714D5290E40AC000DAFAE /* ShellProfileMakeView.swift */ = {isa = PBXFileReference; lastKnownFileType = sourcecode.swift; path = ShellProfileMakeView.swift; sourceTree = "<group>"; };
		5A42C40A290D29D300C48997 /* ShellMyProfileViewController.swift */ = {isa = PBXFileReference; lastKnownFileType = sourcecode.swift; path = ShellMyProfileViewController.swift; sourceTree = "<group>"; };
		5A42C40F290D29F700C48997 /* ShellMyProfileHeader.swift */ = {isa = PBXFileReference; lastKnownFileType = sourcecode.swift; path = ShellMyProfileHeader.swift; sourceTree = "<group>"; };
		5A42C411290D29FE00C48997 /* ShellMyProfileHeader.xib */ = {isa = PBXFileReference; lastKnownFileType = file.xib; path = ShellMyProfileHeader.xib; sourceTree = "<group>"; };
		5A42C413290D331700C48997 /* ShellMyProfileView.swift */ = {isa = PBXFileReference; lastKnownFileType = sourcecode.swift; path = ShellMyProfileView.swift; sourceTree = "<group>"; };
		5A42C417290D7FFE00C48997 /* ShellProfileCommentTableViewCell.swift */ = {isa = PBXFileReference; lastKnownFileType = sourcecode.swift; path = ShellProfileCommentTableViewCell.swift; sourceTree = "<group>"; };
		5A42C418290D7FFE00C48997 /* ShellProfileCommentTableViewCell.xib */ = {isa = PBXFileReference; lastKnownFileType = file.xib; path = ShellProfileCommentTableViewCell.xib; sourceTree = "<group>"; };
		692A645273732FAFEA3ACCC4 /* Pods-ZZYTest.release.xcconfig */ = {isa = PBXFileReference; includeInIndex = 1; lastKnownFileType = text.xcconfig; name = "Pods-ZZYTest.release.xcconfig"; path = "Target Support Files/Pods-ZZYTest/Pods-ZZYTest.release.xcconfig"; sourceTree = "<group>"; };
		D806E5D737EB422F6CD30EB3 /* Pods_ZZYTest.framework */ = {isa = PBXFileReference; explicitFileType = wrapper.framework; includeInIndex = 0; path = Pods_ZZYTest.framework; sourceTree = BUILT_PRODUCTS_DIR; };
/* End PBXFileReference section */

/* Begin PBXFrameworksBuildPhase section */
		0FE31DDA290A28970071F030 /* Frameworks */ = {
			isa = PBXFrameworksBuildPhase;
			buildActionMask = 2147483647;
			files = (
				968569952F0D449D0892833F /* Pods_ZZYTest.framework in Frameworks */,
			);
			runOnlyForDeploymentPostprocessing = 0;
		};
/* End PBXFrameworksBuildPhase section */

/* Begin PBXGroup section */
		0F811DDD290F60CF0077E133 /* chatList */ = {
			isa = PBXGroup;
			children = (
				0F811DDE290F60CF0077E133 /* controller */,
				0F811DE0290F60CF0077E133 /* view */,
			);
			path = chatList;
			sourceTree = "<group>";
		};
		0F811DDE290F60CF0077E133 /* controller */ = {
			isa = PBXGroup;
			children = (
				0F811DDF290F60CF0077E133 /* ShellChatListViewController.swift */,
			);
			path = controller;
			sourceTree = "<group>";
		};
		0F811DE0290F60CF0077E133 /* view */ = {
			isa = PBXGroup;
			children = (
				0F811DE1290F60CF0077E133 /* ShellChatListTableViewCell.xib */,
				0F811DE2290F60CF0077E133 /* ShellChatListTableViewCell.swift */,
				0F811DE3290F60CF0077E133 /* UIView+Ext.swift */,
			);
			path = view;
			sourceTree = "<group>";
		};
		0F811DE8290F60DF0077E133 /* Base */ = {
			isa = PBXGroup;
			children = (
				0F811DE9290F60DF0077E133 /* BaseViewController.swift */,
				0F811DEA290F60DF0077E133 /* BaseViewController+Extensions.swift */,
				0F811DEB290F60DF0077E133 /* BaseNavigationController.swift */,
			);
			path = Base;
			sourceTree = "<group>";
		};
		0F811DEF290F65FA0077E133 /* Utilities */ = {
			isa = PBXGroup;
			children = (
				0F811DF0290F660B0077E133 /* RxFlow+Extensions.swift */,
				0F811DF8290F9A350077E133 /* JXSegmentedView+Rx.swift */,
			);
			path = Utilities;
			sourceTree = "<group>";
		};
		0FE31DD4290A28970071F030 = {
			isa = PBXGroup;
			children = (
				0FE31DDF290A28970071F030 /* ZZYTest */,
				0FE31DDE290A28970071F030 /* Products */,
				99C3FFC5C644CA4842A91DE5 /* Pods */,
				AD0D7E011271E8676E2E9988 /* Frameworks */,
			);
			sourceTree = "<group>";
		};
		0FE31DDE290A28970071F030 /* Products */ = {
			isa = PBXGroup;
			children = (
				0FE31DDD290A28970071F030 /* ZZYTest.app */,
			);
			name = Products;
			sourceTree = "<group>";
		};
		0FE31DDF290A28970071F030 /* ZZYTest */ = {
			isa = PBXGroup;
			children = (
				0FE31DE0290A28970071F030 /* AppDelegate.swift */,
				0FE31E01290A6DAF0071F030 /* AppService.swift */,
				0FE31E03290A775B0071F030 /* AppFlow.swift */,
				0FE31E05290A77630071F030 /* AppStep.swift */,
				0F811DEF290F65FA0077E133 /* Utilities */,
				0F811DE8290F60DF0077E133 /* Base */,
				0FE31DF6290A561D0071F030 /* ViewControllers */,
				0FE31E07290A91E00071F030 /* Businesses */,
				0FE31DE9290A28990071F030 /* Assets.xcassets */,
				0FE31DEB290A28990071F030 /* LaunchScreen.storyboard */,
				0FE31DEE290A28990071F030 /* Info.plist */,
			);
			path = ZZYTest;
			sourceTree = "<group>";
		};
		0FE31DF6290A561D0071F030 /* ViewControllers */ = {
			isa = PBXGroup;
			children = (
				0FE31DFA290A57630071F030 /* View */,
				0FE31DF7290A56290071F030 /* ViewModel */,
				0FE31DF4290A56010071F030 /* ViewControllers.swift */,
			);
			path = ViewControllers;
			sourceTree = "<group>";
		};
		0FE31DF7290A56290071F030 /* ViewModel */ = {
			isa = PBXGroup;
			children = (
				0FE31DF8290A56380071F030 /* ViewControllersViewModel.swift */,
			);
			path = ViewModel;
			sourceTree = "<group>";
		};
		0FE31DFA290A57630071F030 /* View */ = {
			isa = PBXGroup;
			children = (
				0FE31DFB290A57690071F030 /* ViewControllersCell.swift */,
			);
			path = View;
			sourceTree = "<group>";
		};
		0FE31E07290A91E00071F030 /* Businesses */ = {
			isa = PBXGroup;
			children = (
				0F811DDD290F60CF0077E133 /* chatList */,
				5A42C408290D29A600C48997 /* Profile */,
				0FE31E08290A91EB0071F030 /* MakeUp */,
			);
			path = Businesses;
			sourceTree = "<group>";
		};
		0FE31E08290A91EB0071F030 /* MakeUp */ = {
			isa = PBXGroup;
			children = (
				0FE31E0E290A920B0071F030 /* View */,
				0FE31E0B290A91FB0071F030 /* ViewModel */,
				0FE31E09290A91F70071F030 /* MakeUpViewController.swift */,
				0F811DF4290F99320077E133 /* MakeUpListViewController.swift */,
			);
			path = MakeUp;
			sourceTree = "<group>";
		};
		0FE31E0B290A91FB0071F030 /* ViewModel */ = {
			isa = PBXGroup;
			children = (
				0FE31E0C290A92070071F030 /* MakeUpViewModel.swift */,
				0F811DF6290F993D0077E133 /* MakeUpListViewModel.swift */,
			);
			path = ViewModel;
			sourceTree = "<group>";
		};
		0FE31E0E290A920B0071F030 /* View */ = {
			isa = PBXGroup;
			children = (
				0F811DF2290F93FE0077E133 /* MakeUpSearchView.swift */,
				0F811DFA290F9EEB0077E133 /* MakeUpListCell.swift */,
				0F811DFC290F9F150077E133 /* MakeUpListCell.xib */,
			);
			path = View;
			sourceTree = "<group>";
		};
		5A42C408290D29A600C48997 /* Profile */ = {
			isa = PBXGroup;
			children = (
				5A42C40E290D29DC00C48997 /* view */,
				5A42C409290D29BA00C48997 /* controller */,
			);
			path = Profile;
			sourceTree = "<group>";
		};
		5A42C409290D29BA00C48997 /* controller */ = {
			isa = PBXGroup;
			children = (
				5A42C40A290D29D300C48997 /* ShellMyProfileViewController.swift */,
			);
			path = controller;
			sourceTree = "<group>";
		};
		5A42C40E290D29DC00C48997 /* view */ = {
			isa = PBXGroup;
			children = (
				5A1714CB290E36D3000DAFAE /* GXWaterfallViewLayout.swift */,
				5A42C40F290D29F700C48997 /* ShellMyProfileHeader.swift */,
				5A42C411290D29FE00C48997 /* ShellMyProfileHeader.xib */,
				5A42C413290D331700C48997 /* ShellMyProfileView.swift */,
				5A42C417290D7FFE00C48997 /* ShellProfileCommentTableViewCell.swift */,
				5A42C418290D7FFE00C48997 /* ShellProfileCommentTableViewCell.xib */,
				5A1714D1290E3E4F000DAFAE /* ShellProfileMakeCollectionViewCell.swift */,
				5A1714D2290E3E4F000DAFAE /* ShellProfileMakeCollectionViewCell.xib */,
				5A1714D5290E40AC000DAFAE /* ShellProfileMakeView.swift */,
			);
			path = view;
			sourceTree = "<group>";
		};
		99C3FFC5C644CA4842A91DE5 /* Pods */ = {
			isa = PBXGroup;
			children = (
				51D6F05D124FF912DD6337ED /* Pods-ZZYTest.debug.xcconfig */,
				692A645273732FAFEA3ACCC4 /* Pods-ZZYTest.release.xcconfig */,
			);
			path = Pods;
			sourceTree = "<group>";
		};
		AD0D7E011271E8676E2E9988 /* Frameworks */ = {
			isa = PBXGroup;
			children = (
				D806E5D737EB422F6CD30EB3 /* Pods_ZZYTest.framework */,
			);
			name = Frameworks;
			sourceTree = "<group>";
		};
/* End PBXGroup section */

/* Begin PBXNativeTarget section */
		0FE31DDC290A28970071F030 /* ZZYTest */ = {
			isa = PBXNativeTarget;
			buildConfigurationList = 0FE31DF1290A28990071F030 /* Build configuration list for PBXNativeTarget "ZZYTest" */;
			buildPhases = (
				53ADF736C93514FDCA670E9A /* [CP] Check Pods Manifest.lock */,
				0FE31DD9290A28970071F030 /* Sources */,
				0FE31DDA290A28970071F030 /* Frameworks */,
				0FE31DDB290A28970071F030 /* Resources */,
				D61BA5E2DEE6ED2232FF899C /* [CP] Embed Pods Frameworks */,
			);
			buildRules = (
			);
			dependencies = (
			);
			name = ZZYTest;
			productName = ZZYTest;
			productReference = 0FE31DDD290A28970071F030 /* ZZYTest.app */;
			productType = "com.apple.product-type.application";
		};
/* End PBXNativeTarget section */

/* Begin PBXProject section */
		0FE31DD5290A28970071F030 /* Project object */ = {
			isa = PBXProject;
			attributes = {
				BuildIndependentTargetsInParallel = 1;
				CLASSPREFIX = Shell;
				LastSwiftUpdateCheck = 1400;
				LastUpgradeCheck = 1400;
				TargetAttributes = {
					0FE31DDC290A28970071F030 = {
						CreatedOnToolsVersion = 14.0.1;
					};
				};
			};
			buildConfigurationList = 0FE31DD8290A28970071F030 /* Build configuration list for PBXProject "ZZYTest" */;
			compatibilityVersion = "Xcode 14.0";
			developmentRegion = en;
			hasScannedForEncodings = 0;
			knownRegions = (
				en,
				Base,
			);
			mainGroup = 0FE31DD4290A28970071F030;
			productRefGroup = 0FE31DDE290A28970071F030 /* Products */;
			projectDirPath = "";
			projectRoot = "";
			targets = (
				0FE31DDC290A28970071F030 /* ZZYTest */,
			);
		};
/* End PBXProject section */

/* Begin PBXResourcesBuildPhase section */
		0FE31DDB290A28970071F030 /* Resources */ = {
			isa = PBXResourcesBuildPhase;
			buildActionMask = 2147483647;
			files = (
				0F811DE5290F60CF0077E133 /* ShellChatListTableViewCell.xib in Resources */,
				5A42C41A290D7FFE00C48997 /* ShellProfileCommentTableViewCell.xib in Resources */,
				5A42C412290D29FE00C48997 /* ShellMyProfileHeader.xib in Resources */,
				0FE31DED290A28990071F030 /* LaunchScreen.storyboard in Resources */,
				0FE31DEA290A28990071F030 /* Assets.xcassets in Resources */,
				5A1714D4290E3E4F000DAFAE /* ShellProfileMakeCollectionViewCell.xib in Resources */,
				0F811DFD290F9F150077E133 /* MakeUpListCell.xib in Resources */,
			);
			runOnlyForDeploymentPostprocessing = 0;
		};
/* End PBXResourcesBuildPhase section */

/* Begin PBXShellScriptBuildPhase section */
		53ADF736C93514FDCA670E9A /* [CP] Check Pods Manifest.lock */ = {
			isa = PBXShellScriptBuildPhase;
			buildActionMask = 2147483647;
			files = (
			);
			inputFileListPaths = (
			);
			inputPaths = (
				"${PODS_PODFILE_DIR_PATH}/Podfile.lock",
				"${PODS_ROOT}/Manifest.lock",
			);
			name = "[CP] Check Pods Manifest.lock";
			outputFileListPaths = (
			);
			outputPaths = (
				"$(DERIVED_FILE_DIR)/Pods-ZZYTest-checkManifestLockResult.txt",
			);
			runOnlyForDeploymentPostprocessing = 0;
			shellPath = /bin/sh;
			shellScript = "diff \"${PODS_PODFILE_DIR_PATH}/Podfile.lock\" \"${PODS_ROOT}/Manifest.lock\" > /dev/null\nif [ $? != 0 ] ; then\n    # print error to STDERR\n    echo \"error: The sandbox is not in sync with the Podfile.lock. Run 'pod install' or update your CocoaPods installation.\" >&2\n    exit 1\nfi\n# This output is used by Xcode 'outputs' to avoid re-running this script phase.\necho \"SUCCESS\" > \"${SCRIPT_OUTPUT_FILE_0}\"\n";
			showEnvVarsInLog = 0;
		};
		D61BA5E2DEE6ED2232FF899C /* [CP] Embed Pods Frameworks */ = {
			isa = PBXShellScriptBuildPhase;
			buildActionMask = 2147483647;
			files = (
			);
			inputFileListPaths = (
				"${PODS_ROOT}/Target Support Files/Pods-ZZYTest/Pods-ZZYTest-frameworks-${CONFIGURATION}-input-files.xcfilelist",
			);
			name = "[CP] Embed Pods Frameworks";
			outputFileListPaths = (
				"${PODS_ROOT}/Target Support Files/Pods-ZZYTest/Pods-ZZYTest-frameworks-${CONFIGURATION}-output-files.xcfilelist",
			);
			runOnlyForDeploymentPostprocessing = 0;
			shellPath = /bin/sh;
			shellScript = "\"${PODS_ROOT}/Target Support Files/Pods-ZZYTest/Pods-ZZYTest-frameworks.sh\"\n";
			showEnvVarsInLog = 0;
		};
/* End PBXShellScriptBuildPhase section */

/* Begin PBXSourcesBuildPhase section */
		0FE31DD9290A28970071F030 /* Sources */ = {
			isa = PBXSourcesBuildPhase;
			buildActionMask = 2147483647;
			files = (
				5A42C419290D7FFE00C48997 /* ShellProfileCommentTableViewCell.swift in Sources */,
				0FE31DF5290A56010071F030 /* ViewControllers.swift in Sources */,
				0F811DFB290F9EEB0077E133 /* MakeUpListCell.swift in Sources */,
				0FE31E04290A775B0071F030 /* AppFlow.swift in Sources */,
				0F811DE4290F60CF0077E133 /* ShellChatListViewController.swift in Sources */,
				0FE31DFC290A57690071F030 /* ViewControllersCell.swift in Sources */,
				0F811DEC290F60E00077E133 /* BaseViewController.swift in Sources */,
				0F811DF9290F9A350077E133 /* JXSegmentedView+Rx.swift in Sources */,
				0F811DF1290F660B0077E133 /* RxFlow+Extensions.swift in Sources */,
				0F811DED290F60E00077E133 /* BaseViewController+Extensions.swift in Sources */,
				0FE31E02290A6DAF0071F030 /* AppService.swift in Sources */,
				0F811DE7290F60CF0077E133 /* UIView+Ext.swift in Sources */,
				0FE31DF9290A56380071F030 /* ViewControllersViewModel.swift in Sources */,
				5A1714D3290E3E4F000DAFAE /* ShellProfileMakeCollectionViewCell.swift in Sources */,
				5A1714D6290E40AC000DAFAE /* ShellProfileMakeView.swift in Sources */,
				0F811DF3290F93FE0077E133 /* MakeUpSearchView.swift in Sources */,
				0FE31E0D290A92070071F030 /* MakeUpViewModel.swift in Sources */,
				0F811DE6290F60CF0077E133 /* ShellChatListTableViewCell.swift in Sources */,
				5A42C410290D29F700C48997 /* ShellMyProfileHeader.swift in Sources */,
				0F811DF7290F993D0077E133 /* MakeUpListViewModel.swift in Sources */,
				5A42C40C290D29D300C48997 /* ShellMyProfileViewController.swift in Sources */,
				0F811DF5290F99320077E133 /* MakeUpListViewController.swift in Sources */,
				5A1714CC290E36D3000DAFAE /* GXWaterfallViewLayout.swift in Sources */,
				0FE31E06290A77630071F030 /* AppStep.swift in Sources */,
				0F811DEE290F60E00077E133 /* BaseNavigationController.swift in Sources */,
				5A42C414290D331700C48997 /* ShellMyProfileView.swift in Sources */,
				0FE31DE1290A28970071F030 /* AppDelegate.swift in Sources */,
				0FE31E0A290A91F70071F030 /* MakeUpViewController.swift in Sources */,
			);
			runOnlyForDeploymentPostprocessing = 0;
		};
/* End PBXSourcesBuildPhase section */

/* Begin PBXVariantGroup section */
		0FE31DEB290A28990071F030 /* LaunchScreen.storyboard */ = {
			isa = PBXVariantGroup;
			children = (
				0FE31DEC290A28990071F030 /* Base */,
			);
			name = LaunchScreen.storyboard;
			sourceTree = "<group>";
		};
/* End PBXVariantGroup section */

/* Begin XCBuildConfiguration section */
		0FE31DEF290A28990071F030 /* Debug */ = {
			isa = XCBuildConfiguration;
			buildSettings = {
				ALWAYS_SEARCH_USER_PATHS = NO;
				CLANG_ANALYZER_NONNULL = YES;
				CLANG_ANALYZER_NUMBER_OBJECT_CONVERSION = YES_AGGRESSIVE;
				CLANG_CXX_LANGUAGE_STANDARD = "gnu++20";
				CLANG_ENABLE_MODULES = YES;
				CLANG_ENABLE_OBJC_ARC = YES;
				CLANG_ENABLE_OBJC_WEAK = YES;
				CLANG_WARN_BLOCK_CAPTURE_AUTORELEASING = YES;
				CLANG_WARN_BOOL_CONVERSION = YES;
				CLANG_WARN_COMMA = YES;
				CLANG_WARN_CONSTANT_CONVERSION = YES;
				CLANG_WARN_DEPRECATED_OBJC_IMPLEMENTATIONS = YES;
				CLANG_WARN_DIRECT_OBJC_ISA_USAGE = YES_ERROR;
				CLANG_WARN_DOCUMENTATION_COMMENTS = YES;
				CLANG_WARN_EMPTY_BODY = YES;
				CLANG_WARN_ENUM_CONVERSION = YES;
				CLANG_WARN_INFINITE_RECURSION = YES;
				CLANG_WARN_INT_CONVERSION = YES;
				CLANG_WARN_NON_LITERAL_NULL_CONVERSION = YES;
				CLANG_WARN_OBJC_IMPLICIT_RETAIN_SELF = YES;
				CLANG_WARN_OBJC_LITERAL_CONVERSION = YES;
				CLANG_WARN_OBJC_ROOT_CLASS = YES_ERROR;
				CLANG_WARN_QUOTED_INCLUDE_IN_FRAMEWORK_HEADER = YES;
				CLANG_WARN_RANGE_LOOP_ANALYSIS = YES;
				CLANG_WARN_STRICT_PROTOTYPES = YES;
				CLANG_WARN_SUSPICIOUS_MOVE = YES;
				CLANG_WARN_UNGUARDED_AVAILABILITY = YES_AGGRESSIVE;
				CLANG_WARN_UNREACHABLE_CODE = YES;
				CLANG_WARN__DUPLICATE_METHOD_MATCH = YES;
				COPY_PHASE_STRIP = NO;
				DEBUG_INFORMATION_FORMAT = dwarf;
				ENABLE_STRICT_OBJC_MSGSEND = YES;
				ENABLE_TESTABILITY = YES;
				GCC_C_LANGUAGE_STANDARD = gnu11;
				GCC_DYNAMIC_NO_PIC = NO;
				GCC_NO_COMMON_BLOCKS = YES;
				GCC_OPTIMIZATION_LEVEL = 0;
				GCC_PREPROCESSOR_DEFINITIONS = (
					"DEBUG=1",
					"$(inherited)",
				);
				GCC_WARN_64_TO_32_BIT_CONVERSION = YES;
				GCC_WARN_ABOUT_RETURN_TYPE = YES_ERROR;
				GCC_WARN_UNDECLARED_SELECTOR = YES;
				GCC_WARN_UNINITIALIZED_AUTOS = YES_AGGRESSIVE;
				GCC_WARN_UNUSED_FUNCTION = YES;
				GCC_WARN_UNUSED_VARIABLE = YES;
				IPHONEOS_DEPLOYMENT_TARGET = 16.0;
				MTL_ENABLE_DEBUG_INFO = INCLUDE_SOURCE;
				MTL_FAST_MATH = YES;
				ONLY_ACTIVE_ARCH = YES;
				SDKROOT = iphoneos;
				SWIFT_ACTIVE_COMPILATION_CONDITIONS = DEBUG;
				SWIFT_OPTIMIZATION_LEVEL = "-Onone";
			};
			name = Debug;
		};
		0FE31DF0290A28990071F030 /* Release */ = {
			isa = XCBuildConfiguration;
			buildSettings = {
				ALWAYS_SEARCH_USER_PATHS = NO;
				CLANG_ANALYZER_NONNULL = YES;
				CLANG_ANALYZER_NUMBER_OBJECT_CONVERSION = YES_AGGRESSIVE;
				CLANG_CXX_LANGUAGE_STANDARD = "gnu++20";
				CLANG_ENABLE_MODULES = YES;
				CLANG_ENABLE_OBJC_ARC = YES;
				CLANG_ENABLE_OBJC_WEAK = YES;
				CLANG_WARN_BLOCK_CAPTURE_AUTORELEASING = YES;
				CLANG_WARN_BOOL_CONVERSION = YES;
				CLANG_WARN_COMMA = YES;
				CLANG_WARN_CONSTANT_CONVERSION = YES;
				CLANG_WARN_DEPRECATED_OBJC_IMPLEMENTATIONS = YES;
				CLANG_WARN_DIRECT_OBJC_ISA_USAGE = YES_ERROR;
				CLANG_WARN_DOCUMENTATION_COMMENTS = YES;
				CLANG_WARN_EMPTY_BODY = YES;
				CLANG_WARN_ENUM_CONVERSION = YES;
				CLANG_WARN_INFINITE_RECURSION = YES;
				CLANG_WARN_INT_CONVERSION = YES;
				CLANG_WARN_NON_LITERAL_NULL_CONVERSION = YES;
				CLANG_WARN_OBJC_IMPLICIT_RETAIN_SELF = YES;
				CLANG_WARN_OBJC_LITERAL_CONVERSION = YES;
				CLANG_WARN_OBJC_ROOT_CLASS = YES_ERROR;
				CLANG_WARN_QUOTED_INCLUDE_IN_FRAMEWORK_HEADER = YES;
				CLANG_WARN_RANGE_LOOP_ANALYSIS = YES;
				CLANG_WARN_STRICT_PROTOTYPES = YES;
				CLANG_WARN_SUSPICIOUS_MOVE = YES;
				CLANG_WARN_UNGUARDED_AVAILABILITY = YES_AGGRESSIVE;
				CLANG_WARN_UNREACHABLE_CODE = YES;
				CLANG_WARN__DUPLICATE_METHOD_MATCH = YES;
				COPY_PHASE_STRIP = NO;
				DEBUG_INFORMATION_FORMAT = "dwarf-with-dsym";
				ENABLE_NS_ASSERTIONS = NO;
				ENABLE_STRICT_OBJC_MSGSEND = YES;
				GCC_C_LANGUAGE_STANDARD = gnu11;
				GCC_NO_COMMON_BLOCKS = YES;
				GCC_WARN_64_TO_32_BIT_CONVERSION = YES;
				GCC_WARN_ABOUT_RETURN_TYPE = YES_ERROR;
				GCC_WARN_UNDECLARED_SELECTOR = YES;
				GCC_WARN_UNINITIALIZED_AUTOS = YES_AGGRESSIVE;
				GCC_WARN_UNUSED_FUNCTION = YES;
				GCC_WARN_UNUSED_VARIABLE = YES;
				IPHONEOS_DEPLOYMENT_TARGET = 16.0;
				MTL_ENABLE_DEBUG_INFO = NO;
				MTL_FAST_MATH = YES;
				SDKROOT = iphoneos;
				SWIFT_COMPILATION_MODE = wholemodule;
				SWIFT_OPTIMIZATION_LEVEL = "-O";
				VALIDATE_PRODUCT = YES;
			};
			name = Release;
		};
		0FE31DF2290A28990071F030 /* Debug */ = {
			isa = XCBuildConfiguration;
			baseConfigurationReference = 51D6F05D124FF912DD6337ED /* Pods-ZZYTest.debug.xcconfig */;
			buildSettings = {
				ASSETCATALOG_COMPILER_APPICON_NAME = AppIcon;
				ASSETCATALOG_COMPILER_GLOBAL_ACCENT_COLOR_NAME = AccentColor;
				CODE_SIGN_STYLE = Automatic;
				CURRENT_PROJECT_VERSION = 1;
				DEVELOPMENT_TEAM = K8EC7TWSSW;
				GENERATE_INFOPLIST_FILE = YES;
				INFOPLIST_FILE = ZZYTest/Info.plist;
				INFOPLIST_KEY_UIApplicationSupportsIndirectInputEvents = YES;
				INFOPLIST_KEY_UILaunchStoryboardName = LaunchScreen;
				INFOPLIST_KEY_UISupportedInterfaceOrientations = UIInterfaceOrientationPortrait;
				IPHONEOS_DEPLOYMENT_TARGET = 11.0;
				LD_RUNPATH_SEARCH_PATHS = (
					"$(inherited)",
					"@executable_path/Frameworks",
				);
				MARKETING_VERSION = 1.0;
				PRODUCT_BUNDLE_IDENTIFIER = com.zzy.ZZYTest;
				PRODUCT_NAME = "$(TARGET_NAME)";
				SWIFT_EMIT_LOC_STRINGS = YES;
				SWIFT_VERSION = 5.0;
				TARGETED_DEVICE_FAMILY = "1,2";
			};
			name = Debug;
		};
		0FE31DF3290A28990071F030 /* Release */ = {
			isa = XCBuildConfiguration;
			baseConfigurationReference = 692A645273732FAFEA3ACCC4 /* Pods-ZZYTest.release.xcconfig */;
			buildSettings = {
				ASSETCATALOG_COMPILER_APPICON_NAME = AppIcon;
				ASSETCATALOG_COMPILER_GLOBAL_ACCENT_COLOR_NAME = AccentColor;
				CODE_SIGN_STYLE = Automatic;
				CURRENT_PROJECT_VERSION = 1;
				DEVELOPMENT_TEAM = K8EC7TWSSW;
				GENERATE_INFOPLIST_FILE = YES;
				INFOPLIST_FILE = ZZYTest/Info.plist;
				INFOPLIST_KEY_UIApplicationSupportsIndirectInputEvents = YES;
				INFOPLIST_KEY_UILaunchStoryboardName = LaunchScreen;
				INFOPLIST_KEY_UISupportedInterfaceOrientations = UIInterfaceOrientationPortrait;
				IPHONEOS_DEPLOYMENT_TARGET = 11.0;
				LD_RUNPATH_SEARCH_PATHS = (
					"$(inherited)",
					"@executable_path/Frameworks",
				);
				MARKETING_VERSION = 1.0;
				PRODUCT_BUNDLE_IDENTIFIER = com.zzy.ZZYTest;
				PRODUCT_NAME = "$(TARGET_NAME)";
				SWIFT_EMIT_LOC_STRINGS = YES;
				SWIFT_VERSION = 5.0;
				TARGETED_DEVICE_FAMILY = "1,2";
			};
			name = Release;
		};
/* End XCBuildConfiguration section */

/* Begin XCConfigurationList section */
		0FE31DD8290A28970071F030 /* Build configuration list for PBXProject "ZZYTest" */ = {
			isa = XCConfigurationList;
			buildConfigurations = (
				0FE31DEF290A28990071F030 /* Debug */,
				0FE31DF0290A28990071F030 /* Release */,
			);
			defaultConfigurationIsVisible = 0;
			defaultConfigurationName = Release;
		};
		0FE31DF1290A28990071F030 /* Build configuration list for PBXNativeTarget "ZZYTest" */ = {
			isa = XCConfigurationList;
			buildConfigurations = (
				0FE31DF2290A28990071F030 /* Debug */,
				0FE31DF3290A28990071F030 /* Release */,
			);
			defaultConfigurationIsVisible = 0;
			defaultConfigurationName = Release;
		};
/* End XCConfigurationList section */
	};
	rootObject = 0FE31DD5290A28970071F030 /* Project object */;
}
